
Microsoft Visual Studio Solution File, Format Version 12.00
# Visual Studio Version 17
VisualStudioVersion = 17.11.35208.52
MinimumVisualStudioVersion = 10.0.40219.1
Project("{FAE04EC0-301F-11D3-BF4B-00C04F79EFBC}") = "FutureOfDarkGrimness", "FutureOfDarkGrimness.csproj", "{0DC15E78-E82D-46E3-9626-CE067B69C141}"
EndProject
Global
	GlobalSection(SolutionConfigurationPlatforms) = preSolution
		Debug|Any CPU = Debug|Any CPU
		Release|Any CPU = Release|Any CPU
	EndGlobalSection
	GlobalSection(ProjectConfigurationPlatforms) = postSolution
		{0DC15E78-E82D-46E3-9626-CE067B69C141}.Debug|Any CPU.ActiveCfg = Debug|Any CPU
		{0DC15E78-E82D-46E3-9626-CE067B69C141}.Debug|Any CPU.Build.0 = Debug|Any CPU
		{0DC15E78-E82D-46E3-9626-CE067B69C141}.Release|Any CPU.ActiveCfg = Release|Any CPU
		{0DC15E78-E82D-46E3-9626-CE067B69C141}.Release|Any CPU.Build.0 = Release|Any CPU
	EndGlobalSection
	GlobalSection(SolutionProperties) = preSolution
		HideSolutionNode = FALSE
	EndGlobalSection
	GlobalSection(ExtensibilityGlobals) = postSolution
		SolutionGuid = {2C544154-26B4-4B52-8ECE-E1C852FDCB3D}
	EndGlobalSection
EndGlobal
